
Microsoft Visual Studio Solution File, Format Version 12.00
# Visual Studio Version 17
VisualStudioVersion = 17.7.34221.43
MinimumVisualStudioVersion = 10.0.40219.1
Project("{2150E333-8FDC-42A3-9474-1A3956D46DE8}") = "Core", "Core", "{D42B3143-9865-480D-9866-02EFC2ABF591}"
EndProject
Project("{2150E333-8FDC-42A3-9474-1A3956D46DE8}") = "Infrastructure", "Infrastructure", "{FDC65A6A-1CB1-4D1B-AF76-8BE007F17A2F}"
EndProject
Project("{9A19103F-16F7-4668-BE54-9A1E7A4F7556}") = "ETicaretAPI.Infrastructure", "Infrastructure\ETicaretAPI.Infrastructure\ETicaretAPI.Infrastructure.csproj", "{45D8EC5D-E7EE-464B-9D44-E364FFE7A11C}"
EndProject
Project("{9A19103F-16F7-4668-BE54-9A1E7A4F7556}") = "ETicaretAPI.Domain", "Core\ETicaretAPI.Domain\ETicaretAPI.Domain.csproj", "{8BC2FE5E-1906-4F4A-BBA4-02F49A842B02}"
EndProject
Project("{9A19103F-16F7-4668-BE54-9A1E7A4F7556}") = "ETicaretAPI.Application", "Core\ETicaretAPI.Application\ETicaretAPI.Application.csproj", "{40DA8CF5-3C0C-431A-8217-C5310ED5C0CD}"
EndProject
Project("{2150E333-8FDC-42A3-9474-1A3956D46DE8}") = "Presentation", "Presentation", "{6F841B8B-77C6-4780-94C7-01F08D41F413}"
EndProject
Project("{9A19103F-16F7-4668-BE54-9A1E7A4F7556}") = "ETicaretAPI.WebAPI", "Presentation\ETicaretAPI.WebAPI\ETicaretAPI.WebAPI.csproj", "{5FF9906C-8A25-4DA0-B4DF-AB1D99EF1F69}"
EndProject
Project("{9A19103F-16F7-4668-BE54-9A1E7A4F7556}") = "ETicaretAPI.Persistence", "Infrastructure\ETicaretAPI.Persistence\ETicaretAPI.Persistence.csproj", "{AA803AA1-2333-4586-93E8-8310F26C412B}"
EndProject
Project("{FAE04EC0-301F-11D3-BF4B-00C04F79EFBC}") = "ETicaretAPI.SignalR", "Infrastructure\ETicaretAPI.SignalR\ETicaretAPI.SignalR.csproj", "{14D2E04F-FE56-4560-9506-23E9BF5F140B}"
EndProject
Global
	GlobalSection(SolutionConfigurationPlatforms) = preSolution
		Debug|Any CPU = Debug|Any CPU
		Release|Any CPU = Release|Any CPU
	EndGlobalSection
	GlobalSection(ProjectConfigurationPlatforms) = postSolution
		{45D8EC5D-E7EE-464B-9D44-E364FFE7A11C}.Debug|Any CPU.ActiveCfg = Debug|Any CPU
		{45D8EC5D-E7EE-464B-9D44-E364FFE7A11C}.Debug|Any CPU.Build.0 = Debug|Any CPU
		{45D8EC5D-E7EE-464B-9D44-E364FFE7A11C}.Release|Any CPU.ActiveCfg = Release|Any CPU
		{45D8EC5D-E7EE-464B-9D44-E364FFE7A11C}.Release|Any CPU.Build.0 = Release|Any CPU
		{8BC2FE5E-1906-4F4A-BBA4-02F49A842B02}.Debug|Any CPU.ActiveCfg = Debug|Any CPU
		{8BC2FE5E-1906-4F4A-BBA4-02F49A842B02}.Debug|Any CPU.Build.0 = Debug|Any CPU
		{8BC2FE5E-1906-4F4A-BBA4-02F49A842B02}.Release|Any CPU.ActiveCfg = Release|Any CPU
		{8BC2FE5E-1906-4F4A-BBA4-02F49A842B02}.Release|Any CPU.Build.0 = Release|Any CPU
		{40DA8CF5-3C0C-431A-8217-C5310ED5C0CD}.Debug|Any CPU.ActiveCfg = Debug|Any CPU
		{40DA8CF5-3C0C-431A-8217-C5310ED5C0CD}.Debug|Any CPU.Build.0 = Debug|Any CPU
		{40DA8CF5-3C0C-431A-8217-C5310ED5C0CD}.Release|Any CPU.ActiveCfg = Release|Any CPU
		{40DA8CF5-3C0C-431A-8217-C5310ED5C0CD}.Release|Any CPU.Build.0 = Release|Any CPU
		{5FF9906C-8A25-4DA0-B4DF-AB1D99EF1F69}.Debug|Any CPU.ActiveCfg = Debug|Any CPU
		{5FF9906C-8A25-4DA0-B4DF-AB1D99EF1F69}.Debug|Any CPU.Build.0 = Debug|Any CPU
		{5FF9906C-8A25-4DA0-B4DF-AB1D99EF1F69}.Release|Any CPU.ActiveCfg = Release|Any CPU
		{5FF9906C-8A25-4DA0-B4DF-AB1D99EF1F69}.Release|Any CPU.Build.0 = Release|Any CPU
		{AA803AA1-2333-4586-93E8-8310F26C412B}.Debug|Any CPU.ActiveCfg = Debug|Any CPU
		{AA803AA1-2333-4586-93E8-8310F26C412B}.Debug|Any CPU.Build.0 = Debug|Any CPU
		{AA803AA1-2333-4586-93E8-8310F26C412B}.Release|Any CPU.ActiveCfg = Release|Any CPU
		{AA803AA1-2333-4586-93E8-8310F26C412B}.Release|Any CPU.Build.0 = Release|Any CPU
		{14D2E04F-FE56-4560-9506-23E9BF5F140B}.Debug|Any CPU.ActiveCfg = Debug|Any CPU
		{14D2E04F-FE56-4560-9506-23E9BF5F140B}.Debug|Any CPU.Build.0 = Debug|Any CPU
		{14D2E04F-FE56-4560-9506-23E9BF5F140B}.Release|Any CPU.ActiveCfg = Release|Any CPU
		{14D2E04F-FE56-4560-9506-23E9BF5F140B}.Release|Any CPU.Build.0 = Release|Any CPU
	EndGlobalSection
	GlobalSection(SolutionProperties) = preSolution
		HideSolutionNode = FALSE
	EndGlobalSection
	GlobalSection(NestedProjects) = preSolution
		{45D8EC5D-E7EE-464B-9D44-E364FFE7A11C} = {FDC65A6A-1CB1-4D1B-AF76-8BE007F17A2F}
		{8BC2FE5E-1906-4F4A-BBA4-02F49A842B02} = {D42B3143-9865-480D-9866-02EFC2ABF591}
		{40DA8CF5-3C0C-431A-8217-C5310ED5C0CD} = {D42B3143-9865-480D-9866-02EFC2ABF591}
		{5FF9906C-8A25-4DA0-B4DF-AB1D99EF1F69} = {6F841B8B-77C6-4780-94C7-01F08D41F413}
		{AA803AA1-2333-4586-93E8-8310F26C412B} = {FDC65A6A-1CB1-4D1B-AF76-8BE007F17A2F}
		{14D2E04F-FE56-4560-9506-23E9BF5F140B} = {FDC65A6A-1CB1-4D1B-AF76-8BE007F17A2F}
	EndGlobalSection
	GlobalSection(ExtensibilityGlobals) = postSolution
		SolutionGuid = {0EFE564D-89DA-48D2-BC4E-821D3E356369}
	EndGlobalSection
EndGlobal
